
Microsoft Visual Studio Solution File, Format Version 12.00
# Visual Studio 14
VisualStudioVersion = 14.0.25420.1
MinimumVisualStudioVersion = 10.0.40219.1
Project("{FAE04EC0-301F-11D3-BF4B-00C04F79EFBC}") = "Deimos.Logging", "Deimos.Logging\Deimos.Logging.csproj", "{D6077B14-DBC3-43D7-A310-CAB60C0F9CA6}"
EndProject
Project("{FAE04EC0-301F-11D3-BF4B-00C04F79EFBC}") = "Deimos.Http", "Deimos.Http\Deimos.Http.csproj", "{C1ED7047-5584-4A9B-B83F-28C00EBC4B4B}"
EndProject
Project("{FAE04EC0-301F-11D3-BF4B-00C04F79EFBC}") = "RequestLogger", "Tests\RequestLogger\RequestLogger.csproj", "{13FDD73B-7B1A-479F-A2BC-0112BF0B432A}"
EndProject
Project("{2150E333-8FDC-42A3-9474-1A3956D46DE8}") = "Tests", "Tests", "{9E9E93F6-4B71-4602-87F3-E2AEAAA6693F}"
EndProject
Project("{2150E333-8FDC-42A3-9474-1A3956D46DE8}") = "Solution Items", "Solution Items", "{E1EDEFD3-4B0B-401D-8939-76EB38EA44AD}"
	ProjectSection(SolutionItems) = preProject
		LICENSE = LICENSE
		nuget_inst.cmd = nuget_inst.cmd
		nuget_pack.cmd = nuget_pack.cmd
		SharedAssemblyInfo.cs = SharedAssemblyInfo.cs
	EndProjectSection
EndProject
Project("{FAE04EC0-301F-11D3-BF4B-00C04F79EFBC}") = "TestFileLoggerRotation", "Tests\TestFileLoggerRotation\TestFileLoggerRotation.csproj", "{55F30056-7C96-42B1-A8D5-6DB1BE3E8E96}"
EndProject
Global
	GlobalSection(SolutionConfigurationPlatforms) = preSolution
		Debug|Any CPU = Debug|Any CPU
		Release|Any CPU = Release|Any CPU
	EndGlobalSection
	GlobalSection(ProjectConfigurationPlatforms) = postSolution
		{D6077B14-DBC3-43D7-A310-CAB60C0F9CA6}.Debug|Any CPU.ActiveCfg = Debug|Any CPU
		{D6077B14-DBC3-43D7-A310-CAB60C0F9CA6}.Debug|Any CPU.Build.0 = Debug|Any CPU
		{D6077B14-DBC3-43D7-A310-CAB60C0F9CA6}.Release|Any CPU.ActiveCfg = Release|Any CPU
		{D6077B14-DBC3-43D7-A310-CAB60C0F9CA6}.Release|Any CPU.Build.0 = Release|Any CPU
		{C1ED7047-5584-4A9B-B83F-28C00EBC4B4B}.Debug|Any CPU.ActiveCfg = Debug|Any CPU
		{C1ED7047-5584-4A9B-B83F-28C00EBC4B4B}.Debug|Any CPU.Build.0 = Debug|Any CPU
		{C1ED7047-5584-4A9B-B83F-28C00EBC4B4B}.Release|Any CPU.ActiveCfg = Release|Any CPU
		{C1ED7047-5584-4A9B-B83F-28C00EBC4B4B}.Release|Any CPU.Build.0 = Release|Any CPU
		{13FDD73B-7B1A-479F-A2BC-0112BF0B432A}.Debug|Any CPU.ActiveCfg = Debug|Any CPU
		{13FDD73B-7B1A-479F-A2BC-0112BF0B432A}.Debug|Any CPU.Build.0 = Debug|Any CPU
		{13FDD73B-7B1A-479F-A2BC-0112BF0B432A}.Release|Any CPU.ActiveCfg = Release|Any CPU
		{13FDD73B-7B1A-479F-A2BC-0112BF0B432A}.Release|Any CPU.Build.0 = Release|Any CPU
		{55F30056-7C96-42B1-A8D5-6DB1BE3E8E96}.Debug|Any CPU.ActiveCfg = Debug|Any CPU
		{55F30056-7C96-42B1-A8D5-6DB1BE3E8E96}.Debug|Any CPU.Build.0 = Debug|Any CPU
		{55F30056-7C96-42B1-A8D5-6DB1BE3E8E96}.Release|Any CPU.ActiveCfg = Release|Any CPU
		{55F30056-7C96-42B1-A8D5-6DB1BE3E8E96}.Release|Any CPU.Build.0 = Release|Any CPU
	EndGlobalSection
	GlobalSection(SolutionProperties) = preSolution
		HideSolutionNode = FALSE
	EndGlobalSection
	GlobalSection(NestedProjects) = preSolution
		{13FDD73B-7B1A-479F-A2BC-0112BF0B432A} = {9E9E93F6-4B71-4602-87F3-E2AEAAA6693F}
		{55F30056-7C96-42B1-A8D5-6DB1BE3E8E96} = {9E9E93F6-4B71-4602-87F3-E2AEAAA6693F}
	EndGlobalSection
EndGlobal
